{
  "name": "python-jira",
  "version": "0.0.1",
  "lockfileVersion": 1,
  "requires": true,
  "dependencies": {
    "@cspell/dict-aws": {
      "version": "1.0.14",
      "resolved": "https://registry.npmjs.org/@cspell/dict-aws/-/dict-aws-1.0.14.tgz",
      "integrity": "sha512-K21CfB4ZpKYwwDQiPfic2zJA/uxkbsd4IQGejEvDAhE3z8wBs6g6BwwqdVO767M9NgZqc021yAVpr79N5pWe3w=="
    },
    "@cspell/dict-bash": {
      "version": "1.0.12",
      "resolved": "https://registry.npmjs.org/@cspell/dict-bash/-/dict-bash-1.0.12.tgz",
      "integrity": "sha512-BOMHVW/m281mqUSJkZ3oiJiUUItLd7QdzpMjm428V9yBYFwIdbds1CeatS7C6kgpI2eBE4RXmy1Hjk/lR63Jew=="
    },
    "@cspell/dict-companies": {
      "version": "1.0.36",
      "resolved": "https://registry.npmjs.org/@cspell/dict-companies/-/dict-companies-1.0.36.tgz",
      "integrity": "sha512-Bk9mMJs9spzrtLxZsxBZIK6ukD9REfQYpuTBNJk/IiTViHVQ6ertHAgw1vRVtJAMxViv8dMLNtDyTpEXeaYm7w=="
    },
    "@cspell/dict-cpp": {
      "version": "1.1.38",
      "resolved": "https://registry.npmjs.org/@cspell/dict-cpp/-/dict-cpp-1.1.38.tgz",
      "integrity": "sha512-QqVMxVNYX9XtxzflpJ/888GSyjPU5VeotltsHql1BeEPxhyV27ud9bRKDrBGzCijCK/+MvCxiMZGDpYZqHTjXw=="
    },
    "@cspell/dict-cryptocurrencies": {
      "version": "1.0.10",
      "resolved": "https://registry.npmjs.org/@cspell/dict-cryptocurrencies/-/dict-cryptocurrencies-1.0.10.tgz",
      "integrity": "sha512-47ABvDJOkaST/rXipNMfNvneHUzASvmL6K/CbOFpYKfsd0x23Jc9k1yaOC7JAm82XSC/8a7+3Yu+Fk2jVJNnsA=="
    },
    "@cspell/dict-csharp": {
      "version": "1.0.11",
      "resolved": "https://registry.npmjs.org/@cspell/dict-csharp/-/dict-csharp-1.0.11.tgz",
      "integrity": "sha512-nub+ZCiTgmT87O+swI+FIAzNwaZPWUGckJU4GN402wBq420V+F4ZFqNV7dVALJrGaWH7LvADRtJxi6cZVHJKeA=="
    },
    "@cspell/dict-css": {
      "version": "1.0.11",
      "resolved": "https://registry.npmjs.org/@cspell/dict-css/-/dict-css-1.0.11.tgz",
      "integrity": "sha512-2Or5oF5ojaXYD8QbO4Z+QdaNXSp+ZyNLJdeyKfejbxLvpL5feSNB0oYtTNrweFPTAvJKQ4DJsdEXy0/s31haRg=="
    },
    "@cspell/dict-django": {
      "version": "1.0.26",
      "resolved": "https://registry.npmjs.org/@cspell/dict-django/-/dict-django-1.0.26.tgz",
      "integrity": "sha512-mn9bd7Et1L2zuibc08GVHTiD2Go3/hdjyX5KLukXDklBkq06r+tb0OtKtf1zKodtFDTIaYekGADhNhA6AnKLkg=="
    },
    "@cspell/dict-dotnet": {
      "version": "1.0.25",
      "resolved": "https://registry.npmjs.org/@cspell/dict-dotnet/-/dict-dotnet-1.0.25.tgz",
      "integrity": "sha512-3BFhdquYqqjeI8Jm1dYepZKGEg+fKFhw7UfPkVdx13C4ETo5VlsS4FAblC0pCY21pDU3QgRZOGL1Bj+KWCGp/w=="
    },
    "@cspell/dict-elixir": {
      "version": "1.0.24",
      "resolved": "https://registry.npmjs.org/@cspell/dict-elixir/-/dict-elixir-1.0.24.tgz",
      "integrity": "sha512-pEX6GYlEx4Teusw/m+XmqoXzcHOqpcn1ZX4H33ONqR81XdPwbaKorBr1IG23Ic76IhwrFlOqs48tcnxrHYpFnA=="
    },
    "@cspell/dict-en-gb": {
      "version": "1.1.28",
      "resolved": "https://registry.npmjs.org/@cspell/dict-en-gb/-/dict-en-gb-1.1.28.tgz",
      "integrity": "sha512-noOH+iv4xFpPxu1agiQgp5LhY/KA0Ir28y1xnC2QTtLvlIid7vIvgixBOz4Zi0P7lo/mPmMjQY+x7//2EKFDgQ=="
    },
    "@cspell/dict-en_us": {
      "version": "1.2.40",
      "resolved": "https://registry.npmjs.org/@cspell/dict-en_us/-/dict-en_us-1.2.40.tgz",
      "integrity": "sha512-e8leCvGAWPWQIw0SoozgEAiMt2YM12rafOuW4aQwgTJD++vp32a9RrnVL8olBfWaA57rRWWndbMSmPTrsO9mpg=="
    },
    "@cspell/dict-filetypes": {
      "version": "1.1.5",
      "resolved": "https://registry.npmjs.org/@cspell/dict-filetypes/-/dict-filetypes-1.1.5.tgz",
      "integrity": "sha512-yfkB37J+hL6W8qa4AknFp7u6CGECrw2ql2/y0lUKruLQYid0ApK+bH+ll+Sqgl2YS5QAOhclskc72aQHAcRJIQ=="
    },
    "@cspell/dict-fonts": {
      "version": "1.0.14",
      "resolved": "https://registry.npmjs.org/@cspell/dict-fonts/-/dict-fonts-1.0.14.tgz",
      "integrity": "sha512-VhIX+FVYAnqQrOuoFEtya6+H72J82cIicz9QddgknsTqZQ3dvgp6lmVnsQXPM3EnzA8n1peTGpLDwHzT7ociLA=="
    },
    "@cspell/dict-fullstack": {
      "version": "1.0.37",
      "resolved": "https://registry.npmjs.org/@cspell/dict-fullstack/-/dict-fullstack-1.0.37.tgz",
      "integrity": "sha512-ljVzUdIlBENMiyHUV06007hz2FPRt+BQmC9Jgn6iGIEQeAQp37Q6oIDmxv2lD65ScEIbysxXuaUgJ5x0j4a48A=="
    },
    "@cspell/dict-golang": {
      "version": "1.1.24",
      "resolved": "https://registry.npmjs.org/@cspell/dict-golang/-/dict-golang-1.1.24.tgz",
      "integrity": "sha512-qq3Cjnx2U1jpeWAGJL1GL0ylEhUMqyaR36Xij6Y6Aq4bViCRp+HRRqk0x5/IHHbOrti45h3yy7ii1itRFo+Xkg=="
    },
    "@cspell/dict-haskell": {
      "version": "1.0.13",
      "resolved": "https://registry.npmjs.org/@cspell/dict-haskell/-/dict-haskell-1.0.13.tgz",
      "integrity": "sha512-kvl8T84cnYRPpND/P3D86P6WRSqebsbk0FnMfy27zo15L5MLAb3d3MOiT1kW3vEWfQgzUD7uddX/vUiuroQ8TA=="
    },
    "@cspell/dict-html": {
      "version": "1.1.6",
      "resolved": "https://registry.npmjs.org/@cspell/dict-html/-/dict-html-1.1.6.tgz",
      "integrity": "sha512-RsZXIrmsnLcUpXfyZdNg7OtO2+e4p7m/qILg03kM6vhSUMY6ryCQNPWKrHqsl8+LBKd54EgFM+O5zcgq6IIsCw=="
    },
    "@cspell/dict-html-symbol-entities": {
      "version": "1.0.23",
      "resolved": "https://registry.npmjs.org/@cspell/dict-html-symbol-entities/-/dict-html-symbol-entities-1.0.23.tgz",
      "integrity": "sha512-PV0UBgcBFbBLf/m1wfkVMM8w96kvfHoiCGLWO6BR3Q9v70IXoE4ae0+T+f0CkxcEkacMqEQk/I7vuE9MzrjaNw=="
    },
    "@cspell/dict-java": {
      "version": "1.0.22",
      "resolved": "https://registry.npmjs.org/@cspell/dict-java/-/dict-java-1.0.22.tgz",
      "integrity": "sha512-CVAJ29dx1XwwutgsMgaj5eCl1Nc7X7qFhWL2KkAdu78A/NUIaS+1I9KS0hHhdZx/wLke9dH8TR7NyPQGpGxeAw=="
    },
    "@cspell/dict-latex": {
      "version": "1.0.25",
      "resolved": "https://registry.npmjs.org/@cspell/dict-latex/-/dict-latex-1.0.25.tgz",
      "integrity": "sha512-cEgg91Migqcp1SdVV7dUeMxbPDhxdNo6Fgq2eygAXQjIOFK520FFvh/qxyBvW90qdZbIRoU2AJpchyHfGuwZFA=="
    },
    "@cspell/dict-lorem-ipsum": {
      "version": "1.0.22",
      "resolved": "https://registry.npmjs.org/@cspell/dict-lorem-ipsum/-/dict-lorem-ipsum-1.0.22.tgz",
      "integrity": "sha512-yqzspR+2ADeAGUxLTfZ4pXvPl7FmkENMRcGDECmddkOiuEwBCWMZdMP5fng9B0Q6j91hQ8w9CLvJKBz10TqNYg=="
    },
    "@cspell/dict-lua": {
      "version": "1.0.16",
      "resolved": "https://registry.npmjs.org/@cspell/dict-lua/-/dict-lua-1.0.16.tgz",
      "integrity": "sha512-YiHDt8kmHJ8nSBy0tHzaxiuitYp+oJ66ffCYuFWTNB3//Y0SI4OGHU3omLsQVeXIfCeVrO4DrVvRDoCls9B5zQ=="
    },
    "@cspell/dict-node": {
      "version": "1.0.11",
      "resolved": "https://registry.npmjs.org/@cspell/dict-node/-/dict-node-1.0.11.tgz",
      "integrity": "sha512-q66zAqtNmuvZGKt4stRwQPFLsbOjZGGZOZ1HEbqpOkicxvF0BWhR0Di/JBq27PDxeqQP3S5sLeogQTSNQBuTww=="
    },
    "@cspell/dict-npm": {
      "version": "1.0.11",
      "resolved": "https://registry.npmjs.org/@cspell/dict-npm/-/dict-npm-1.0.11.tgz",
      "integrity": "sha512-mokmv9/Yk1yliDz97drWyuDWv7eKGEcFhdM43YSPK7GuMLh6i2ULOmORPFhUcjxQjPf0uySMDA2JguiQ4m5Lmg=="
    },
    "@cspell/dict-php": {
      "version": "1.0.23",
      "resolved": "https://registry.npmjs.org/@cspell/dict-php/-/dict-php-1.0.23.tgz",
      "integrity": "sha512-rRLf/09rXDrzs0DJuNXNmFVTw2b2zLmZKNF4LIPrFHYHvdfsMvwVqxkr/SAyhF8C6zi5sW0XYC/J0S/3IE927w=="
    },
    "@cspell/dict-powershell": {
      "version": "1.0.14",
      "resolved": "https://registry.npmjs.org/@cspell/dict-powershell/-/dict-powershell-1.0.14.tgz",
      "integrity": "sha512-hisOXXi5PBXB5YKtrJQIis2FIRHgSW1U0/sd4yI36lzb3ZMEvGJwdAdyhXN3IGiqRUNxMzJiXAeXfhnia4xPtQ=="
    },
    "@cspell/dict-python": {
      "version": "1.0.33",
      "resolved": "https://registry.npmjs.org/@cspell/dict-python/-/dict-python-1.0.33.tgz",
      "integrity": "sha512-tRmE4TzHDFPs7sJ1a3XbfyFrvRHwefVz+z1wkm6tkXK9TPrCbIS+rV/T8xhj205q4lpZQ/TkNB3lT40eLB9O8A=="
    },
    "@cspell/dict-ruby": {
      "version": "1.0.13",
      "resolved": "https://registry.npmjs.org/@cspell/dict-ruby/-/dict-ruby-1.0.13.tgz",
      "integrity": "sha512-YeN1acY38dgMYlEJ6iWPH+8qXB6seLKHm9BszXxaKT/IzGA9Y9XUWPGobeJFD5E/tC6HjvcqRKxEs8vnvakoLQ=="
    },
    "@cspell/dict-rust": {
      "version": "1.0.22",
      "resolved": "https://registry.npmjs.org/@cspell/dict-rust/-/dict-rust-1.0.22.tgz",
      "integrity": "sha512-7WOIzv0BPiU+MssZbbMk8K+HR/g9Bcvd0+jXJC3/AKT8L6l0Mx0Tr/oF7cJ4xvCYgA84nBz3PhMZkabGSz/Nkg=="
    },
    "@cspell/dict-scala": {
      "version": "1.0.21",
      "resolved": "https://registry.npmjs.org/@cspell/dict-scala/-/dict-scala-1.0.21.tgz",
      "integrity": "sha512-5V/R7PRbbminTpPS3ywgdAalI9BHzcEjEj9ug4kWYvBIGwSnS7T6QCFCiu+e9LvEGUqQC+NHgLY4zs1NaBj2vA=="
    },
    "@cspell/dict-software-terms": {
      "version": "1.0.27",
      "resolved": "https://registry.npmjs.org/@cspell/dict-software-terms/-/dict-software-terms-1.0.27.tgz",
      "integrity": "sha512-O6wCGuFSnr9G9Sr62zc7/XyruRRPI0/PJ0xZj8/R+hr+vFjDaScQnkqj10gTVoLAshk1TjL5Firnzyz3ibfgdQ=="
    },
    "@cspell/dict-typescript": {
      "version": "1.0.17",
      "resolved": "https://registry.npmjs.org/@cspell/dict-typescript/-/dict-typescript-1.0.17.tgz",
      "integrity": "sha512-CXCuXcrgAc56P3kL9I6gW6bZwTs6t3duyAtHerHg5YAYbPs6/4nXgniQgLgu8kjFHFy07XrqaaBdLU9V2DmMtQ=="
    },
    "ansi-styles": {
      "version": "4.3.0",
      "resolved": "https://registry.npmjs.org/ansi-styles/-/ansi-styles-4.3.0.tgz",
      "integrity": "sha512-zbB9rCJAT1rbjiVDb2hqKFHNYLxgtk8NURxZ3IZwD3F6NtxbXZQCnnSi1Lkx+IDohdPlFp222wVALIheZJQSEg==",
      "requires": {
        "color-convert": "^2.0.1"
      }
    },
    "array-timsort": {
      "version": "1.0.3",
      "resolved": "https://registry.npmjs.org/array-timsort/-/array-timsort-1.0.3.tgz",
      "integrity": "sha512-/+3GRL7dDAGEfM6TseQk/U+mi18TU2Ms9I3UlLdUMhz2hbvGNTKdj9xniwXfUqgYhHxRx0+8UnKkvlNwVU+cWQ=="
    },
    "at-least-node": {
      "version": "1.0.0",
      "resolved": "https://registry.npmjs.org/at-least-node/-/at-least-node-1.0.0.tgz",
      "integrity": "sha512-+q/t7Ekv1EDY2l6Gda6LLiX14rU9TV20Wa3ofeQmwPFZbOMo9DXrLbOjFaaclkXKWidIaopwAObQDqwWtGUjqg=="
    },
    "balanced-match": {
      "version": "1.0.2",
      "resolved": "https://registry.npmjs.org/balanced-match/-/balanced-match-1.0.2.tgz",
      "integrity": "sha512-3oSeUO0TMV67hN1AmbXsK4yaqU7tjiHlbxRDZOpH0KW9+CeX4bRAaX0Anxt0tx2MrpRpWwQaPwIlISEJhYU5Pw=="
    },
    "brace-expansion": {
      "version": "1.1.11",
      "resolved": "https://registry.npmjs.org/brace-expansion/-/brace-expansion-1.1.11.tgz",
      "integrity": "sha512-iCuPHDFgrHX7H2vEI/5xpz07zSHB00TpugqhmYtVmMO6518mCuRMoOYFldEBl0g187ufozdaHgWKcYFb61qGiA==",
      "requires": {
        "balanced-match": "^1.0.0",
        "concat-map": "0.0.1"
      }
    },
    "braces": {
      "version": "3.0.2",
      "resolved": "https://registry.npmjs.org/braces/-/braces-3.0.2.tgz",
      "integrity": "sha512-b8um+L1RzM3WDSzvhm6gIz1yfTbBt6YTlcEKAvsmqCZZFw46z626lVj9j1yEPW33H5H+lBQpZMP1k8l+78Ha0A==",
      "requires": {
        "fill-range": "^7.0.1"
      }
    },
    "chalk": {
      "version": "4.1.1",
      "resolved": "https://registry.npmjs.org/chalk/-/chalk-4.1.1.tgz",
      "integrity": "sha512-diHzdDKxcU+bAsUboHLPEDQiw0qEe0qd7SYUn3HgcFlWgbDcfLGswOHYeGrHKzG9z6UYf01d9VFMfZxPM1xZSg==",
      "requires": {
        "ansi-styles": "^4.1.0",
        "supports-color": "^7.1.0"
      }
    },
    "color-convert": {
      "version": "2.0.1",
      "resolved": "https://registry.npmjs.org/color-convert/-/color-convert-2.0.1.tgz",
      "integrity": "sha512-RRECPsj7iu/xb5oKYcsFHSppFNnsj/52OVTRKb4zP5onXwVF3zVmmToNcOfGC+CRDpfK/U584fMg38ZHCaElKQ==",
      "requires": {
        "color-name": "~1.1.4"
      }
    },
    "color-name": {
      "version": "1.1.4",
      "resolved": "https://registry.npmjs.org/color-name/-/color-name-1.1.4.tgz",
      "integrity": "sha512-dOy+3AuW3a2wNbZHIuMZpTcgjGuLU/uBL/ubcZF9OXbDo8ff4O8yVp5Bf0efS8uEoYo5q4Fx7dY9OgQGXgAsQA=="
    },
    "commander": {
      "version": "7.2.0",
      "resolved": "https://registry.npmjs.org/commander/-/commander-7.2.0.tgz",
      "integrity": "sha512-QrWXB+ZQSVPmIWIhtEO9H+gwHaMGYiF5ChvoJ+K9ZGHG/sVsa6yiesAD1GC/x46sET00Xlwo1u49RVVVzvcSkw=="
    },
    "comment-json": {
      "version": "4.1.0",
      "resolved": "https://registry.npmjs.org/comment-json/-/comment-json-4.1.0.tgz",
      "integrity": "sha512-WEghmVYaNq9NlWbrkzQTSsya9ycLyxJxpTQfZEan6a5Jomnjw18zS3Podf8q1Zf9BvonvQd/+Z7Z39L7KKzzdQ==",
      "requires": {
        "array-timsort": "^1.0.3",
        "core-util-is": "^1.0.2",
        "esprima": "^4.0.1",
        "has-own-prop": "^2.0.0",
        "repeat-string": "^1.6.1"
      }
    },
    "concat-map": {
      "version": "0.0.1",
      "resolved": "https://registry.npmjs.org/concat-map/-/concat-map-0.0.1.tgz",
      "integrity": "sha1-2Klr13/Wjfd5OnMDajug1UBdR3s="
    },
    "configstore": {
      "version": "5.0.1",
      "resolved": "https://registry.npmjs.org/configstore/-/configstore-5.0.1.tgz",
      "integrity": "sha512-aMKprgk5YhBNyH25hj8wGt2+D52Sw1DRRIzqBwLp2Ya9mFmY8KPvvtvmna8SxVR9JMZ4kzMD68N22vlaRpkeFA==",
      "requires": {
        "dot-prop": "^5.2.0",
        "graceful-fs": "^4.1.2",
        "make-dir": "^3.0.0",
        "unique-string": "^2.0.0",
        "write-file-atomic": "^3.0.0",
        "xdg-basedir": "^4.0.0"
      }
    },
    "core-util-is": {
      "version": "1.0.2",
      "resolved": "https://registry.npmjs.org/core-util-is/-/core-util-is-1.0.2.tgz",
      "integrity": "sha1-tf1UIgqivFq1eqtxQMlAdUUDwac="
    },
    "crypto-random-string": {
      "version": "2.0.0",
      "resolved": "https://registry.npmjs.org/crypto-random-string/-/crypto-random-string-2.0.0.tgz",
      "integrity": "sha512-v1plID3y9r/lPhviJ1wrXpLeyUIGAZ2SHNYTEapm7/8A9nLPoyvVp3RK/EPFqn5kEznyWgYZNsRtYYIWbuG8KA=="
    },
    "cspell": {
      "version": "4.2.8",
      "resolved": "https://registry.npmjs.org/cspell/-/cspell-4.2.8.tgz",
      "integrity": "sha512-eqan8+lCU9bSp8Tl4+SR/ccBnuPyMmp7evck/RlMdFTjLh/s+3vQ5hQyBzbzK8w2MMqL84CymW7BwIOKjpylSg==",
      "requires": {
        "chalk": "^4.1.0",
        "commander": "^7.0.0",
        "comment-json": "^4.0.6",
        "cspell-glob": "^0.1.25",
        "cspell-lib": "^4.3.12",
        "fs-extra": "^9.1.0",
        "gensequence": "^3.1.1",
        "get-stdin": "^8.0.0",
        "glob": "^7.1.6",
        "minimatch": "^3.0.4"
      }
    },
    "cspell-glob": {
      "version": "0.1.25",
      "resolved": "https://registry.npmjs.org/cspell-glob/-/cspell-glob-0.1.25.tgz",
      "integrity": "sha512-/XaSHrGBpMJa+duFz3GKOWfrijrfdHT7a/XGgIcq3cymCSpOH+DPho42sl0jLI/hjM+8yv2m8aEoxRT8yVSnlg==",
      "requires": {
        "micromatch": "^4.0.2"
      }
    },
    "cspell-io": {
      "version": "4.1.7",
      "resolved": "https://registry.npmjs.org/cspell-io/-/cspell-io-4.1.7.tgz",
      "integrity": "sha512-V0/tUu9FnIS3v+vAvDT6NNa14Nc/zUNX8+YUUOfFAiDJJTdqefmvcWjOJBIMYBf3wIk9iWLmLbMM+bNHqr7DSQ==",
      "requires": {
        "iconv-lite": "^0.6.2",
        "iterable-to-stream": "^1.0.1"
      }
    },
    "cspell-lib": {
      "version": "4.3.12",
      "resolved": "https://registry.npmjs.org/cspell-lib/-/cspell-lib-4.3.12.tgz",
      "integrity": "sha512-yCCb6MoW1K8Tsr/WVEQoO4dfYhH9bCsjQayccb8MlyDaNNuWJHuX+gUGHsZSXSuChSh8PrTWKXJzs13/uM977g==",
      "requires": {
        "@cspell/dict-aws": "^1.0.13",
        "@cspell/dict-bash": "^1.0.11",
        "@cspell/dict-companies": "^1.0.35",
        "@cspell/dict-cpp": "^1.1.37",
        "@cspell/dict-cryptocurrencies": "^1.0.10",
        "@cspell/dict-csharp": "^1.0.10",
        "@cspell/dict-css": "^1.0.10",
        "@cspell/dict-django": "^1.0.25",
        "@cspell/dict-dotnet": "^1.0.24",
        "@cspell/dict-elixir": "^1.0.23",
        "@cspell/dict-en-gb": "^1.1.27",
        "@cspell/dict-en_us": "^1.2.39",
        "@cspell/dict-filetypes": "^1.1.5",
        "@cspell/dict-fonts": "^1.0.13",
        "@cspell/dict-fullstack": "^1.0.36",
        "@cspell/dict-golang": "^1.1.24",
        "@cspell/dict-haskell": "^1.0.12",
        "@cspell/dict-html": "^1.1.5",
        "@cspell/dict-html-symbol-entities": "^1.0.23",
        "@cspell/dict-java": "^1.0.22",
        "@cspell/dict-latex": "^1.0.23",
        "@cspell/dict-lorem-ipsum": "^1.0.22",
        "@cspell/dict-lua": "^1.0.16",
        "@cspell/dict-node": "^1.0.10",
        "@cspell/dict-npm": "^1.0.10",
        "@cspell/dict-php": "^1.0.23",
        "@cspell/dict-powershell": "^1.0.14",
        "@cspell/dict-python": "^1.0.32",
        "@cspell/dict-ruby": "^1.0.12",
        "@cspell/dict-rust": "^1.0.22",
        "@cspell/dict-scala": "^1.0.21",
        "@cspell/dict-software-terms": "^1.0.24",
        "@cspell/dict-typescript": "^1.0.16",
        "comment-json": "^4.1.0",
        "configstore": "^5.0.1",
        "cspell-io": "^4.1.7",
        "cspell-trie-lib": "^4.2.8",
        "cspell-util-bundle": "^4.1.11",
        "fs-extra": "^9.1.0",
        "gensequence": "^3.1.1",
        "minimatch": "^3.0.4",
        "resolve-from": "^5.0.0",
        "resolve-global": "^1.0.0",
        "vscode-uri": "^3.0.2"
      }
    },
    "cspell-trie-lib": {
      "version": "4.2.8",
      "resolved": "https://registry.npmjs.org/cspell-trie-lib/-/cspell-trie-lib-4.2.8.tgz",
      "integrity": "sha512-Nt3c0gxOYXIc3/yhALDukpje1BgR6guvlUKWQO2zb0r7qRWpwUw2j2YM4dWbHQeH/3Hx5ei4Braa6cMaiJ5YBw==",
      "requires": {
        "gensequence": "^3.1.1"
      }
    },
    "cspell-util-bundle": {
      "version": "4.1.11",
      "resolved": "https://registry.npmjs.org/cspell-util-bundle/-/cspell-util-bundle-4.1.11.tgz",
      "integrity": "sha512-or3OGKydZs1NwweMIgnA48k8H3F5zK4e5lonjUhpEzLYQZ2nB23decdoqZ8ogFC8pFTA40tZKDsMJ0b+65gX4Q=="
    },
    "dot-prop": {
      "version": "5.3.0",
      "resolved": "https://registry.npmjs.org/dot-prop/-/dot-prop-5.3.0.tgz",
      "integrity": "sha512-QM8q3zDe58hqUqjraQOmzZ1LIH9SWQJTlEKCH4kJ2oQvLZk7RbQXvtDM2XEq3fwkV9CCvvH4LA0AV+ogFsBM2Q==",
      "requires": {
        "is-obj": "^2.0.0"
      }
    },
    "esprima": {
      "version": "4.0.1",
      "resolved": "https://registry.npmjs.org/esprima/-/esprima-4.0.1.tgz",
      "integrity": "sha512-eGuFFw7Upda+g4p+QHvnW0RyTX/SVeJBDM/gCtMARO0cLuT2HcEKnTPvhjV6aGeqrCB/sbNop0Kszm0jsaWU4A=="
    },
    "fill-range": {
      "version": "7.0.1",
      "resolved": "https://registry.npmjs.org/fill-range/-/fill-range-7.0.1.tgz",
      "integrity": "sha512-qOo9F+dMUmC2Lcb4BbVvnKJxTPjCm+RRpe4gDuGrzkL7mEVl/djYSu2OdQ2Pa302N4oqkSg9ir6jaLWJ2USVpQ==",
      "requires": {
        "to-regex-range": "^5.0.1"
      }
    },
    "fs-extra": {
      "version": "9.1.0",
      "resolved": "https://registry.npmjs.org/fs-extra/-/fs-extra-9.1.0.tgz",
      "integrity": "sha512-hcg3ZmepS30/7BSFqRvoo3DOMQu7IjqxO5nCDt+zM9XWjb33Wg7ziNT+Qvqbuc3+gWpzO02JubVyk2G4Zvo1OQ==",
      "requires": {
        "at-least-node": "^1.0.0",
        "graceful-fs": "^4.2.0",
        "jsonfile": "^6.0.1",
        "universalify": "^2.0.0"
      }
    },
    "fs.realpath": {
      "version": "1.0.0",
      "resolved": "https://registry.npmjs.org/fs.realpath/-/fs.realpath-1.0.0.tgz",
      "integrity": "sha1-FQStJSMVjKpA20onh8sBQRmU6k8="
    },
    "gensequence": {
      "version": "3.1.1",
      "resolved": "https://registry.npmjs.org/gensequence/-/gensequence-3.1.1.tgz",
      "integrity": "sha512-ys3h0hiteRwmY6BsvSttPmkhC0vEQHPJduANBRtH/dlDPZ0UBIb/dXy80IcckXyuQ6LKg+PloRqvGER9IS7F7g=="
    },
    "get-stdin": {
      "version": "8.0.0",
      "resolved": "https://registry.npmjs.org/get-stdin/-/get-stdin-8.0.0.tgz",
      "integrity": "sha512-sY22aA6xchAzprjyqmSEQv4UbAAzRN0L2dQB0NlN5acTTK9Don6nhoc3eAbUnpZiCANAMfd/+40kVdKfFygohg=="
    },
    "glob": {
      "version": "7.1.6",
      "resolved": "https://registry.npmjs.org/glob/-/glob-7.1.6.tgz",
      "integrity": "sha512-LwaxwyZ72Lk7vZINtNNrywX0ZuLyStrdDtabefZKAY5ZGJhVtgdznluResxNmPitE0SAO+O26sWTHeKSI2wMBA==",
      "requires": {
        "fs.realpath": "^1.0.0",
        "inflight": "^1.0.4",
        "inherits": "2",
        "minimatch": "^3.0.4",
        "once": "^1.3.0",
        "path-is-absolute": "^1.0.0"
      }
    },
    "global-dirs": {
      "version": "0.1.1",
      "resolved": "https://registry.npmjs.org/global-dirs/-/global-dirs-0.1.1.tgz",
      "integrity": "sha1-sxnA3UYH81PzvpzKTHL8FIxJ9EU=",
      "requires": {
        "ini": "^1.3.4"
      }
    },
    "graceful-fs": {
      "version": "4.2.6",
      "resolved": "https://registry.npmjs.org/graceful-fs/-/graceful-fs-4.2.6.tgz",
      "integrity": "sha512-nTnJ528pbqxYanhpDYsi4Rd8MAeaBA67+RZ10CM1m3bTAVFEDcd5AuA4a6W5YkGZ1iNXHzZz8T6TBKLeBuNriQ=="
    },
    "has-flag": {
      "version": "4.0.0",
      "resolved": "https://registry.npmjs.org/has-flag/-/has-flag-4.0.0.tgz",
      "integrity": "sha512-EykJT/Q1KjTWctppgIAgfSO0tKVuZUjhgMr17kqTumMl6Afv3EISleU7qZUzoXDFTAHTDC4NOoG/ZxU3EvlMPQ=="
    },
    "has-own-prop": {
      "version": "2.0.0",
      "resolved": "https://registry.npmjs.org/has-own-prop/-/has-own-prop-2.0.0.tgz",
      "integrity": "sha512-Pq0h+hvsVm6dDEa8x82GnLSYHOzNDt7f0ddFa3FqcQlgzEiptPqL+XrOJNavjOzSYiYWIrgeVYYgGlLmnxwilQ=="
    },
    "iconv-lite": {
      "version": "0.6.2",
      "resolved": "https://registry.npmjs.org/iconv-lite/-/iconv-lite-0.6.2.tgz",
      "integrity": "sha512-2y91h5OpQlolefMPmUlivelittSWy0rP+oYVpn6A7GwVHNE8AWzoYOBNmlwks3LobaJxgHCYZAnyNo2GgpNRNQ==",
      "requires": {
        "safer-buffer": ">= 2.1.2 < 3.0.0"
      }
    },
    "imurmurhash": {
      "version": "0.1.4",
      "resolved": "https://registry.npmjs.org/imurmurhash/-/imurmurhash-0.1.4.tgz",
      "integrity": "sha1-khi5srkoojixPcT7a21XbyMUU+o="
    },
    "inflight": {
      "version": "1.0.6",
      "resolved": "https://registry.npmjs.org/inflight/-/inflight-1.0.6.tgz",
      "integrity": "sha1-Sb1jMdfQLQwJvJEKEHW6gWW1bfk=",
      "requires": {
        "once": "^1.3.0",
        "wrappy": "1"
      }
    },
    "inherits": {
      "version": "2.0.4",
      "resolved": "https://registry.npmjs.org/inherits/-/inherits-2.0.4.tgz",
      "integrity": "sha512-k/vGaX4/Yla3WzyMCvTQOXYeIHvqOKtnqBduzTHpzpQZzAskKMhZ2K+EnBiSM9zGSoIFeMpXKxa4dYeZIQqewQ=="
    },
    "ini": {
      "version": "1.3.8",
      "resolved": "https://registry.npmjs.org/ini/-/ini-1.3.8.tgz",
      "integrity": "sha512-JV/yugV2uzW5iMRSiZAyDtQd+nxtUnjeLt0acNdw98kKLrvuRVyB80tsREOE7yvGVgalhZ6RNXCmEHkUKBKxew=="
    },
    "is-number": {
      "version": "7.0.0",
      "resolved": "https://registry.npmjs.org/is-number/-/is-number-7.0.0.tgz",
      "integrity": "sha512-41Cifkg6e8TylSpdtTpeLVMqvSBEVzTttHvERD741+pnZ8ANv0004MRL43QKPDlK9cGvNp6NZWZUBlbGXYxxng=="
    },
    "is-obj": {
      "version": "2.0.0",
      "resolved": "https://registry.npmjs.org/is-obj/-/is-obj-2.0.0.tgz",
      "integrity": "sha512-drqDG3cbczxxEJRoOXcOjtdp1J/lyp1mNn0xaznRs8+muBhgQcrnbspox5X5fOw0HnMnbfDzvnEMEtqDEJEo8w=="
    },
    "is-typedarray": {
      "version": "1.0.0",
      "resolved": "https://registry.npmjs.org/is-typedarray/-/is-typedarray-1.0.0.tgz",
      "integrity": "sha1-5HnICFjfDBsR3dppQPlgEfzaSpo="
    },
    "iterable-to-stream": {
      "version": "1.0.1",
      "resolved": "https://registry.npmjs.org/iterable-to-stream/-/iterable-to-stream-1.0.1.tgz",
      "integrity": "sha512-O62gD5ADMUGtJoOoM9U6LQ7i4byPXUNoHJ6mqsmkQJcom331ZJGDApWgDESWyBMEHEJRjtHozgIiTzYo9RU4UA=="
    },
    "jsonfile": {
      "version": "6.1.0",
      "resolved": "https://registry.npmjs.org/jsonfile/-/jsonfile-6.1.0.tgz",
      "integrity": "sha512-5dgndWOriYSm5cnYaJNhalLNDKOqFwyDB/rr1E9ZsGciGvKPs8R2xYGCacuf3z6K1YKDz182fd+fY3cn3pMqXQ==",
      "requires": {
        "graceful-fs": "^4.1.6",
        "universalify": "^2.0.0"
      }
    },
    "make-dir": {
      "version": "3.1.0",
      "resolved": "https://registry.npmjs.org/make-dir/-/make-dir-3.1.0.tgz",
      "integrity": "sha512-g3FeP20LNwhALb/6Cz6Dd4F2ngze0jz7tbzrD2wAV+o9FeNHe4rL+yK2md0J/fiSf1sa1ADhXqi5+oVwOM/eGw==",
      "requires": {
        "semver": "^6.0.0"
      }
    },
    "micromatch": {
      "version": "4.0.4",
      "resolved": "https://registry.npmjs.org/micromatch/-/micromatch-4.0.4.tgz",
      "integrity": "sha512-pRmzw/XUcwXGpD9aI9q/0XOwLNygjETJ8y0ao0wdqprrzDa4YnxLcz7fQRZr8voh8V10kGhABbNcHVk5wHgWwg==",
      "requires": {
        "braces": "^3.0.1",
        "picomatch": "^2.2.3"
      }
    },
    "minimatch": {
      "version": "3.0.4",
      "resolved": "https://registry.npmjs.org/minimatch/-/minimatch-3.0.4.tgz",
      "integrity": "sha512-yJHVQEhyqPLUTgt9B83PXu6W3rx4MvvHvSUvToogpwoGDOUQ+yDrR0HRot+yOCdCO7u4hX3pWft6kWBBcqh0UA==",
      "requires": {
        "brace-expansion": "^1.1.7"
      }
    },
    "once": {
      "version": "1.4.0",
      "resolved": "https://registry.npmjs.org/once/-/once-1.4.0.tgz",
      "integrity": "sha1-WDsap3WWHUsROsF9nFC6753Xa9E=",
      "requires": {
        "wrappy": "1"
      }
    },
    "path-is-absolute": {
      "version": "1.0.1",
      "resolved": "https://registry.npmjs.org/path-is-absolute/-/path-is-absolute-1.0.1.tgz",
      "integrity": "sha1-F0uSaHNVNP+8es5r9TpanhtcX18="
    },
    "picomatch": {
      "version": "2.2.3",
      "resolved": "https://registry.npmjs.org/picomatch/-/picomatch-2.2.3.tgz",
      "integrity": "sha512-KpELjfwcCDUb9PeigTs2mBJzXUPzAuP2oPcA989He8Rte0+YUAjw1JVedDhuTKPkHjSYzMN3npC9luThGYEKdg=="
    },
    "repeat-string": {
      "version": "1.6.1",
      "resolved": "https://registry.npmjs.org/repeat-string/-/repeat-string-1.6.1.tgz",
      "integrity": "sha1-jcrkcOHIirwtYA//Sndihtp15jc="
    },
    "resolve-from": {
      "version": "5.0.0",
      "resolved": "https://registry.npmjs.org/resolve-from/-/resolve-from-5.0.0.tgz",
      "integrity": "sha512-qYg9KP24dD5qka9J47d0aVky0N+b4fTU89LN9iDnjB5waksiC49rvMB0PrUJQGoTmH50XPiqOvAjDfaijGxYZw=="
    },
    "resolve-global": {
      "version": "1.0.0",
      "resolved": "https://registry.npmjs.org/resolve-global/-/resolve-global-1.0.0.tgz",
      "integrity": "sha512-zFa12V4OLtT5XUX/Q4VLvTfBf+Ok0SPc1FNGM/z9ctUdiU618qwKpWnd0CHs3+RqROfyEg/DhuHbMWYqcgljEw==",
      "requires": {
        "global-dirs": "^0.1.1"
      }
    },
    "safer-buffer": {
      "version": "2.1.2",
      "resolved": "https://registry.npmjs.org/safer-buffer/-/safer-buffer-2.1.2.tgz",
      "integrity": "sha512-YZo3K82SD7Riyi0E1EQPojLz7kpepnSQI9IyPbHHg1XXXevb5dJI7tpyN2ADxGcQbHG7vcyRHk0cbwqcQriUtg=="
    },
    "semver": {
      "version": "6.3.0",
      "resolved": "https://registry.npmjs.org/semver/-/semver-6.3.0.tgz",
      "integrity": "sha512-b39TBaTSfV6yBrapU89p5fKekE2m/NwnDocOVruQFS1/veMgdzuPcnOM34M6CwxW8jH/lxEa5rBoDeUwu5HHTw=="
    },
    "signal-exit": {
      "version": "3.0.3",
      "resolved": "https://registry.npmjs.org/signal-exit/-/signal-exit-3.0.3.tgz",
      "integrity": "sha512-VUJ49FC8U1OxwZLxIbTTrDvLnf/6TDgxZcK8wxR8zs13xpx7xbG60ndBlhNrFi2EMuFRoeDoJO7wthSLq42EjA=="
    },
    "supports-color": {
      "version": "7.2.0",
      "resolved": "https://registry.npmjs.org/supports-color/-/supports-color-7.2.0.tgz",
      "integrity": "sha512-qpCAvRl9stuOHveKsn7HncJRvv501qIacKzQlO/+Lwxc9+0q2wLyv4Dfvt80/DPn2pqOBsJdDiogXGR9+OvwRw==",
      "requires": {
        "has-flag": "^4.0.0"
      }
    },
    "to-regex-range": {
      "version": "5.0.1",
      "resolved": "https://registry.npmjs.org/to-regex-range/-/to-regex-range-5.0.1.tgz",
      "integrity": "sha512-65P7iz6X5yEr1cwcgvQxbbIw7Uk3gOy5dIdtZ4rDveLqhrdJP+Li/Hx6tyK0NEb+2GCyneCMJiGqrADCSNk8sQ==",
      "requires": {
        "is-number": "^7.0.0"
      }
    },
    "typedarray-to-buffer": {
      "version": "3.1.5",
      "resolved": "https://registry.npmjs.org/typedarray-to-buffer/-/typedarray-to-buffer-3.1.5.tgz",
      "integrity": "sha512-zdu8XMNEDepKKR+XYOXAVPtWui0ly0NtohUscw+UmaHiAWT8hrV1rr//H6V+0DvJ3OQ19S979M0laLfX8rm82Q==",
      "requires": {
        "is-typedarray": "^1.0.0"
      }
    },
    "unique-string": {
      "version": "2.0.0",
      "resolved": "https://registry.npmjs.org/unique-string/-/unique-string-2.0.0.tgz",
      "integrity": "sha512-uNaeirEPvpZWSgzwsPGtU2zVSTrn/8L5q/IexZmH0eH6SA73CmAA5U4GwORTxQAZs95TAXLNqeLoPPNO5gZfWg==",
      "requires": {
        "crypto-random-string": "^2.0.0"
      }
    },
    "universalify": {
      "version": "2.0.0",
      "resolved": "https://registry.npmjs.org/universalify/-/universalify-2.0.0.tgz",
      "integrity": "sha512-hAZsKq7Yy11Zu1DE0OzWjw7nnLZmJZYTDZZyEFHZdUhV8FkH5MCfoU1XMaxXovpyW5nq5scPqq0ZDP9Zyl04oQ=="
    },
    "vscode-uri": {
      "version": "3.0.2",
      "resolved": "https://registry.npmjs.org/vscode-uri/-/vscode-uri-3.0.2.tgz",
      "integrity": "sha512-jkjy6pjU1fxUvI51P+gCsxg1u2n8LSt0W6KrCNQceaziKzff74GoWmjVG46KieVzybO1sttPQmYfrwSHey7GUA=="
    },
    "wrappy": {
      "version": "1.0.2",
      "resolved": "https://registry.npmjs.org/wrappy/-/wrappy-1.0.2.tgz",
      "integrity": "sha1-tSQ9jz7BqjXxNkYFvA0QNuMKtp8="
    },
    "write-file-atomic": {
      "version": "3.0.3",
      "resolved": "https://registry.npmjs.org/write-file-atomic/-/write-file-atomic-3.0.3.tgz",
      "integrity": "sha512-AvHcyZ5JnSfq3ioSyjrBkH9yW4m7Ayk8/9My/DD9onKeu/94fwrMocemO2QAJFAlnnDN+ZDS+ZjAR5ua1/PV/Q==",
      "requires": {
        "imurmurhash": "^0.1.4",
        "is-typedarray": "^1.0.0",
        "signal-exit": "^3.0.2",
        "typedarray-to-buffer": "^3.1.5"
      }
    },
    "xdg-basedir": {
      "version": "4.0.0",
      "resolved": "https://registry.npmjs.org/xdg-basedir/-/xdg-basedir-4.0.0.tgz",
      "integrity": "sha512-PSNhEJDejZYV7h50BohL09Er9VaIefr2LMAf3OEmpCkjOi34eYyQYAXUTjEQtZJTKcF0E2UKTh+osDLsgNim9Q=="
    }
  }
}
